
Microsoft Visual Studio Solution File, Format Version 12.00
# Visual Studio Version 17
VisualStudioVersion = 17.9.34622.214
MinimumVisualStudioVersion = 10.0.40219.1
Project("{FAE04EC0-301F-11D3-BF4B-00C04F79EFBC}") = "ConsoleApp1", "ConsoleApp1\ConsoleApp1.csproj", "{F0C0C106-2659-40D5-AABC-75D820CAB725}"
EndProject
Global
	GlobalSection(SolutionConfigurationPlatforms) = preSolution
		Debug|Any CPU = Debug|Any CPU
		Release|Any CPU = Release|Any CPU
	EndGlobalSection
	GlobalSection(ProjectConfigurationPlatforms) = postSolution
		{F0C0C106-2659-40D5-AABC-75D820CAB725}.Debug|Any CPU.ActiveCfg = Debug|Any CPU
		{F0C0C106-2659-40D5-AABC-75D820CAB725}.Debug|Any CPU.Build.0 = Debug|Any CPU
		{F0C0C106-2659-40D5-AABC-75D820CAB725}.Release|Any CPU.ActiveCfg = Release|Any CPU
		{F0C0C106-2659-40D5-AABC-75D820CAB725}.Release|Any CPU.Build.0 = Release|Any CPU
	EndGlobalSection
	GlobalSection(SolutionProperties) = preSolution
		HideSolutionNode = FALSE
	EndGlobalSection
	GlobalSection(ExtensibilityGlobals) = postSolution
		SolutionGuid = {687BC0AF-30DD-4241-A1CF-6C4ABF7461A7}
	EndGlobalSection
EndGlobal
